
Microsoft Visual Studio Solution File, Format Version 12.00
# Visual Studio Version 17
VisualStudioVersion = 17.4.33213.308
MinimumVisualStudioVersion = 10.0.40219.1
Project("{FAE04EC0-301F-11D3-BF4B-00C04F79EFBC}") = "2 лаба 4 зад 1в", "2 лаба 4 зад 1в\2 лаба 4 зад 1в.csproj", "{3D3DF93A-75E1-4590-B74F-EA4E1C22A600}"
EndProject
Global
	GlobalSection(SolutionConfigurationPlatforms) = preSolution
		Debug|Any CPU = Debug|Any CPU
		Release|Any CPU = Release|Any CPU
	EndGlobalSection
	GlobalSection(ProjectConfigurationPlatforms) = postSolution
		{3D3DF93A-75E1-4590-B74F-EA4E1C22A600}.Debug|Any CPU.ActiveCfg = Debug|Any CPU
		{3D3DF93A-75E1-4590-B74F-EA4E1C22A600}.Debug|Any CPU.Build.0 = Debug|Any CPU
		{3D3DF93A-75E1-4590-B74F-EA4E1C22A600}.Release|Any CPU.ActiveCfg = Release|Any CPU
		{3D3DF93A-75E1-4590-B74F-EA4E1C22A600}.Release|Any CPU.Build.0 = Release|Any CPU
	EndGlobalSection
	GlobalSection(SolutionProperties) = preSolution
		HideSolutionNode = FALSE
	EndGlobalSection
	GlobalSection(ExtensibilityGlobals) = postSolution
		SolutionGuid = {68706EB6-CCF1-474A-814A-07486C7F91A2}
	EndGlobalSection
EndGlobal
